
Microsoft Visual Studio Solution File, Format Version 12.00
# Visual Studio Version 16
VisualStudioVersion = 16.0.31129.286
MinimumVisualStudioVersion = 10.0.40219.1
Project("{9A19103F-16F7-4668-BE54-9A1E7A4F7556}") = "Models", "Models\Models.csproj", "{33D6BA5E-E50E-4A24-A371-2A0079EE38A6}"
EndProject
Project("{9A19103F-16F7-4668-BE54-9A1E7A4F7556}") = "AdminWinForm", "AdminWinForm\AdminWinForm.csproj", "{D4F6EF2D-DE04-48A7-BF93-0B44B639DBBD}"
EndProject
Project("{9A19103F-16F7-4668-BE54-9A1E7A4F7556}") = "ClientWinForm", "ClientWinForm\ClientWinForm.csproj", "{FC6BE373-7BDF-4300-9B95-E8216644D7A5}"
EndProject
Project("{FAE04EC0-301F-11D3-BF4B-00C04F79EFBC}") = "RestApiClient", "RestApiClient\RestApiClient.csproj", "{AE11C2E5-FEA4-4844-91F8-FEF9689B1301}"
EndProject
Project("{FAE04EC0-301F-11D3-BF4B-00C04F79EFBC}") = "BikeStoreApi", "BikeStoreApi\BikeStoreApi.csproj", "{3DDC47A9-9332-4224-A099-71ED2F09A850}"
EndProject
Global
	GlobalSection(SolutionConfigurationPlatforms) = preSolution
		Debug|Any CPU = Debug|Any CPU
		Release|Any CPU = Release|Any CPU
	EndGlobalSection
	GlobalSection(ProjectConfigurationPlatforms) = postSolution
		{33D6BA5E-E50E-4A24-A371-2A0079EE38A6}.Debug|Any CPU.ActiveCfg = Debug|Any CPU
		{33D6BA5E-E50E-4A24-A371-2A0079EE38A6}.Debug|Any CPU.Build.0 = Debug|Any CPU
		{33D6BA5E-E50E-4A24-A371-2A0079EE38A6}.Release|Any CPU.ActiveCfg = Release|Any CPU
		{33D6BA5E-E50E-4A24-A371-2A0079EE38A6}.Release|Any CPU.Build.0 = Release|Any CPU
		{D4F6EF2D-DE04-48A7-BF93-0B44B639DBBD}.Debug|Any CPU.ActiveCfg = Debug|Any CPU
		{D4F6EF2D-DE04-48A7-BF93-0B44B639DBBD}.Debug|Any CPU.Build.0 = Debug|Any CPU
		{D4F6EF2D-DE04-48A7-BF93-0B44B639DBBD}.Release|Any CPU.ActiveCfg = Release|Any CPU
		{D4F6EF2D-DE04-48A7-BF93-0B44B639DBBD}.Release|Any CPU.Build.0 = Release|Any CPU
		{FC6BE373-7BDF-4300-9B95-E8216644D7A5}.Debug|Any CPU.ActiveCfg = Debug|Any CPU
		{FC6BE373-7BDF-4300-9B95-E8216644D7A5}.Debug|Any CPU.Build.0 = Debug|Any CPU
		{FC6BE373-7BDF-4300-9B95-E8216644D7A5}.Release|Any CPU.ActiveCfg = Release|Any CPU
		{FC6BE373-7BDF-4300-9B95-E8216644D7A5}.Release|Any CPU.Build.0 = Release|Any CPU
		{AE11C2E5-FEA4-4844-91F8-FEF9689B1301}.Debug|Any CPU.ActiveCfg = Debug|Any CPU
		{AE11C2E5-FEA4-4844-91F8-FEF9689B1301}.Debug|Any CPU.Build.0 = Debug|Any CPU
		{AE11C2E5-FEA4-4844-91F8-FEF9689B1301}.Release|Any CPU.ActiveCfg = Release|Any CPU
		{AE11C2E5-FEA4-4844-91F8-FEF9689B1301}.Release|Any CPU.Build.0 = Release|Any CPU
		{3DDC47A9-9332-4224-A099-71ED2F09A850}.Debug|Any CPU.ActiveCfg = Debug|Any CPU
		{3DDC47A9-9332-4224-A099-71ED2F09A850}.Debug|Any CPU.Build.0 = Debug|Any CPU
		{3DDC47A9-9332-4224-A099-71ED2F09A850}.Release|Any CPU.ActiveCfg = Release|Any CPU
		{3DDC47A9-9332-4224-A099-71ED2F09A850}.Release|Any CPU.Build.0 = Release|Any CPU
	EndGlobalSection
	GlobalSection(SolutionProperties) = preSolution
		HideSolutionNode = FALSE
	EndGlobalSection
	GlobalSection(ExtensibilityGlobals) = postSolution
		SolutionGuid = {46047CA1-0341-44D2-9389-68522D7B2319}
	EndGlobalSection
EndGlobal
